
Microsoft Visual Studio Solution File, Format Version 12.00
# Visual Studio Version 17
VisualStudioVersion = 17.11.35222.181
MinimumVisualStudioVersion = 10.0.40219.1
Project("{FAE04EC0-301F-11D3-BF4B-00C04F79EFBC}") = "PR6", "PR6\PR6.csproj", "{3DDBD7C8-F2F4-44E5-857F-4BC008BBEEDF}"
EndProject
Global
	GlobalSection(SolutionConfigurationPlatforms) = preSolution
		Debug|Any CPU = Debug|Any CPU
		Release|Any CPU = Release|Any CPU
	EndGlobalSection
	GlobalSection(ProjectConfigurationPlatforms) = postSolution
		{3DDBD7C8-F2F4-44E5-857F-4BC008BBEEDF}.Debug|Any CPU.ActiveCfg = Debug|Any CPU
		{3DDBD7C8-F2F4-44E5-857F-4BC008BBEEDF}.Debug|Any CPU.Build.0 = Debug|Any CPU
		{3DDBD7C8-F2F4-44E5-857F-4BC008BBEEDF}.Release|Any CPU.ActiveCfg = Release|Any CPU
		{3DDBD7C8-F2F4-44E5-857F-4BC008BBEEDF}.Release|Any CPU.Build.0 = Release|Any CPU
	EndGlobalSection
	GlobalSection(SolutionProperties) = preSolution
		HideSolutionNode = FALSE
	EndGlobalSection
	GlobalSection(ExtensibilityGlobals) = postSolution
		SolutionGuid = {516FB91F-D9D5-42CC-AB24-4496A5505311}
	EndGlobalSection
EndGlobal
